
Microsoft Visual Studio Solution File, Format Version 12.00
# Visual Studio Version 17
VisualStudioVersion = 17.0.32014.148
MinimumVisualStudioVersion = 10.0.40219.1
Project("{FAE04EC0-301F-11D3-BF4B-00C04F79EFBC}") = "CalculatorDLL", "CalculatorDLL\CalculatorDLL.csproj", "{4167321B-98A6-4864-86DC-BEC1EDF5B826}"
EndProject
Global
	GlobalSection(SolutionConfigurationPlatforms) = preSolution
		Debug|Any CPU = Debug|Any CPU
		Release|Any CPU = Release|Any CPU
	EndGlobalSection
	GlobalSection(ProjectConfigurationPlatforms) = postSolution
		{4167321B-98A6-4864-86DC-BEC1EDF5B826}.Debug|Any CPU.ActiveCfg = Debug|Any CPU
		{4167321B-98A6-4864-86DC-BEC1EDF5B826}.Debug|Any CPU.Build.0 = Debug|Any CPU
		{4167321B-98A6-4864-86DC-BEC1EDF5B826}.Release|Any CPU.ActiveCfg = Release|Any CPU
		{4167321B-98A6-4864-86DC-BEC1EDF5B826}.Release|Any CPU.Build.0 = Release|Any CPU
	EndGlobalSection
	GlobalSection(SolutionProperties) = preSolution
		HideSolutionNode = FALSE
	EndGlobalSection
	GlobalSection(ExtensibilityGlobals) = postSolution
		SolutionGuid = {73714ECD-AEA9-4E9C-B265-ABE5837CFA77}
	EndGlobalSection
EndGlobal
